// !$*UTF8*$!
{
	archiveVersion = 1;
	classes = {
	};
	objectVersion = 56;
	objects = {

/* Begin PBXBuildFile section */
		8FB8CD692C2879C700C77C7F /* AppDelegate.swift in Sources */ = {isa = PBXBuildFile; fileRef = 8FB8CD682C2879C700C77C7F /* AppDelegate.swift */; };
		8FB8CD6B2C2879C700C77C7F /* SceneDelegate.swift in Sources */ = {isa = PBXBuildFile; fileRef = 8FB8CD6A2C2879C700C77C7F /* SceneDelegate.swift */; };
		8FB8CD702C2879C700C77C7F /* Base in Resources */ = {isa = PBXBuildFile; fileRef = 8FB8CD6F2C2879C700C77C7F /* Base */; };
		8FB8CD722C2879C900C77C7F /* Assets.xcassets in Resources */ = {isa = PBXBuildFile; fileRef = 8FB8CD712C2879C900C77C7F /* Assets.xcassets */; };
		8FB8CD752C2879C900C77C7F /* Base in Resources */ = {isa = PBXBuildFile; fileRef = 8FB8CD742C2879C900C77C7F /* Base */; };
		8FB8CD7F2C287A9D00C77C7F /* MainViewController.swift in Sources */ = {isa = PBXBuildFile; fileRef = 8FB8CD7E2C287A9D00C77C7F /* MainViewController.swift */; };
		8FB8CD832C287B4C00C77C7F /* Animation.swift in Sources */ = {isa = PBXBuildFile; fileRef = 8FB8CD822C287B4C00C77C7F /* Animation.swift */; };
		8FB8CD862C287E8100C77C7F /* SpringAnimation in Frameworks */ = {isa = PBXBuildFile; productRef = 8FB8CD852C287E8100C77C7F /* SpringAnimation */; };
		8FB8CD892C2882AE00C77C7F /* DataStore.swift in Sources */ = {isa = PBXBuildFile; fileRef = 8FB8CD882C2882AE00C77C7F /* DataStore.swift */; };
/* End PBXBuildFile section */

/* Begin PBXFileReference section */
		8FB8CD652C2879C700C77C7F /* Endless Animations.app */ = {isa = PBXFileReference; explicitFileType = wrapper.application; includeInIndex = 0; path = "Endless Animations.app"; sourceTree = BUILT_PRODUCTS_DIR; };
		8FB8CD682C2879C700C77C7F /* AppDelegate.swift */ = {isa = PBXFileReference; lastKnownFileType = sourcecode.swift; path = AppDelegate.swift; sourceTree = "<group>"; };
		8FB8CD6A2C2879C700C77C7F /* SceneDelegate.swift */ = {isa = PBXFileReference; lastKnownFileType = sourcecode.swift; path = SceneDelegate.swift; sourceTree = "<group>"; };
		8FB8CD6F2C2879C700C77C7F /* Base */ = {isa = PBXFileReference; lastKnownFileType = file.storyboard; name = Base; path = Base.lproj/Main.storyboard; sourceTree = "<group>"; };
		8FB8CD712C2879C900C77C7F /* Assets.xcassets */ = {isa = PBXFileReference; lastKnownFileType = folder.assetcatalog; path = Assets.xcassets; sourceTree = "<group>"; };
		8FB8CD742C2879C900C77C7F /* Base */ = {isa = PBXFileReference; lastKnownFileType = file.storyboard; name = Base; path = Base.lproj/LaunchScreen.storyboard; sourceTree = "<group>"; };
		8FB8CD762C2879C900C77C7F /* Info.plist */ = {isa = PBXFileReference; lastKnownFileType = text.plist.xml; path = Info.plist; sourceTree = "<group>"; };
		8FB8CD7E2C287A9D00C77C7F /* MainViewController.swift */ = {isa = PBXFileReference; lastKnownFileType = sourcecode.swift; path = MainViewController.swift; sourceTree = "<group>"; };
		8FB8CD822C287B4C00C77C7F /* Animation.swift */ = {isa = PBXFileReference; lastKnownFileType = sourcecode.swift; path = Animation.swift; sourceTree = "<group>"; };
		8FB8CD882C2882AE00C77C7F /* DataStore.swift */ = {isa = PBXFileReference; lastKnownFileType = sourcecode.swift; path = DataStore.swift; sourceTree = "<group>"; };
/* End PBXFileReference section */

/* Begin PBXFrameworksBuildPhase section */
		8FB8CD622C2879C700C77C7F /* Frameworks */ = {
			isa = PBXFrameworksBuildPhase;
			buildActionMask = 2147483647;
			files = (
				8FB8CD862C287E8100C77C7F /* SpringAnimation in Frameworks */,
			);
			runOnlyForDeploymentPostprocessing = 0;
		};
/* End PBXFrameworksBuildPhase section */

/* Begin PBXGroup section */
		8FB8CD5C2C2879C700C77C7F = {
			isa = PBXGroup;
			children = (
				8FB8CD672C2879C700C77C7F /* Endless Animations */,
				8FB8CD662C2879C700C77C7F /* Products */,
			);
			sourceTree = "<group>";
		};
		8FB8CD662C2879C700C77C7F /* Products */ = {
			isa = PBXGroup;
			children = (
				8FB8CD652C2879C700C77C7F /* Endless Animations.app */,
			);
			name = Products;
			sourceTree = "<group>";
		};
		8FB8CD672C2879C700C77C7F /* Endless Animations */ = {
			isa = PBXGroup;
			children = (
				8FB8CD7C2C2879DE00C77C7F /* App */,
				8FB8CD812C287B1C00C77C7F /* Models */,
				8FB8CD7D2C287A7600C77C7F /* ViewControllers */,
				8FB8CD872C28829E00C77C7F /* Services */,
				8FB8CD802C287AC600C77C7F /* Storyboards */,
				8FB8CD712C2879C900C77C7F /* Assets.xcassets */,
			);
			path = "Endless Animations";
			sourceTree = "<group>";
		};
		8FB8CD7C2C2879DE00C77C7F /* App */ = {
			isa = PBXGroup;
			children = (
				8FB8CD682C2879C700C77C7F /* AppDelegate.swift */,
				8FB8CD6A2C2879C700C77C7F /* SceneDelegate.swift */,
				8FB8CD762C2879C900C77C7F /* Info.plist */,
			);
			path = App;
			sourceTree = "<group>";
		};
		8FB8CD7D2C287A7600C77C7F /* ViewControllers */ = {
			isa = PBXGroup;
			children = (
				8FB8CD7E2C287A9D00C77C7F /* MainViewController.swift */,
			);
			path = ViewControllers;
			sourceTree = "<group>";
		};
		8FB8CD802C287AC600C77C7F /* Storyboards */ = {
			isa = PBXGroup;
			children = (
				8FB8CD6E2C2879C700C77C7F /* Main.storyboard */,
				8FB8CD732C2879C900C77C7F /* LaunchScreen.storyboard */,
			);
			path = Storyboards;
			sourceTree = "<group>";
		};
		8FB8CD812C287B1C00C77C7F /* Models */ = {
			isa = PBXGroup;
			children = (
				8FB8CD822C287B4C00C77C7F /* Animation.swift */,
			);
			path = Models;
			sourceTree = "<group>";
		};
		8FB8CD872C28829E00C77C7F /* Services */ = {
			isa = PBXGroup;
			children = (
				8FB8CD882C2882AE00C77C7F /* DataStore.swift */,
			);
			path = Services;
			sourceTree = "<group>";
		};
/* End PBXGroup section */

/* Begin PBXNativeTarget section */
		8FB8CD642C2879C700C77C7F /* Endless Animations */ = {
			isa = PBXNativeTarget;
			buildConfigurationList = 8FB8CD792C2879C900C77C7F /* Build configuration list for PBXNativeTarget "Endless Animations" */;
			buildPhases = (
				8FB8CD612C2879C700C77C7F /* Sources */,
				8FB8CD622C2879C700C77C7F /* Frameworks */,
				8FB8CD632C2879C700C77C7F /* Resources */,
			);
			buildRules = (
			);
			dependencies = (
			);
			name = "Endless Animations";
			packageProductDependencies = (
				8FB8CD852C287E8100C77C7F /* SpringAnimation */,
			);
			productName = "Endless Animations";
			productReference = 8FB8CD652C2879C700C77C7F /* Endless Animations.app */;
			productType = "com.apple.product-type.application";
		};
/* End PBXNativeTarget section */

/* Begin PBXProject section */
		8FB8CD5D2C2879C700C77C7F /* Project object */ = {
			isa = PBXProject;
			attributes = {
				BuildIndependentTargetsInParallel = 1;
				LastSwiftUpdateCheck = 1540;
				LastUpgradeCheck = 1540;
				TargetAttributes = {
					8FB8CD642C2879C700C77C7F = {
						CreatedOnToolsVersion = 15.4;
					};
				};
			};
			buildConfigurationList = 8FB8CD602C2879C700C77C7F /* Build configuration list for PBXProject "Endless Animations" */;
			compatibilityVersion = "Xcode 14.0";
			developmentRegion = en;
			hasScannedForEncodings = 0;
			knownRegions = (
				en,
				Base,
			);
			mainGroup = 8FB8CD5C2C2879C700C77C7F;
			packageReferences = (
				8FB8CD842C287E8100C77C7F /* XCRemoteSwiftPackageReference "SpringAnimation" */,
			);
			productRefGroup = 8FB8CD662C2879C700C77C7F /* Products */;
			projectDirPath = "";
			projectRoot = "";
			targets = (
				8FB8CD642C2879C700C77C7F /* Endless Animations */,
			);
		};
/* End PBXProject section */

/* Begin PBXResourcesBuildPhase section */
		8FB8CD632C2879C700C77C7F /* Resources */ = {
			isa = PBXResourcesBuildPhase;
			buildActionMask = 2147483647;
			files = (
				8FB8CD722C2879C900C77C7F /* Assets.xcassets in Resources */,
				8FB8CD752C2879C900C77C7F /* Base in Resources */,
				8FB8CD702C2879C700C77C7F /* Base in Resources */,
			);
			runOnlyForDeploymentPostprocessing = 0;
		};
/* End PBXResourcesBuildPhase section */

/* Begin PBXSourcesBuildPhase section */
		8FB8CD612C2879C700C77C7F /* Sources */ = {
			isa = PBXSourcesBuildPhase;
			buildActionMask = 2147483647;
			files = (
				8FB8CD7F2C287A9D00C77C7F /* MainViewController.swift in Sources */,
				8FB8CD692C2879C700C77C7F /* AppDelegate.swift in Sources */,
				8FB8CD832C287B4C00C77C7F /* Animation.swift in Sources */,
				8FB8CD892C2882AE00C77C7F /* DataStore.swift in Sources */,
				8FB8CD6B2C2879C700C77C7F /* SceneDelegate.swift in Sources */,
			);
			runOnlyForDeploymentPostprocessing = 0;
		};
/* End PBXSourcesBuildPhase section */

/* Begin PBXVariantGroup section */
		8FB8CD6E2C2879C700C77C7F /* Main.storyboard */ = {
			isa = PBXVariantGroup;
			children = (
				8FB8CD6F2C2879C700C77C7F /* Base */,
			);
			name = Main.storyboard;
			sourceTree = "<group>";
		};
		8FB8CD732C2879C900C77C7F /* LaunchScreen.storyboard */ = {
			isa = PBXVariantGroup;
			children = (
				8FB8CD742C2879C900C77C7F /* Base */,
			);
			name = LaunchScreen.storyboard;
			sourceTree = "<group>";
		};
/* End PBXVariantGroup section */

/* Begin XCBuildConfiguration section */
		8FB8CD772C2879C900C77C7F /* Debug */ = {
			isa = XCBuildConfiguration;
			buildSettings = {
				ALWAYS_SEARCH_USER_PATHS = NO;
				ASSETCATALOG_COMPILER_GENERATE_SWIFT_ASSET_SYMBOL_EXTENSIONS = YES;
				CLANG_ANALYZER_NONNULL = YES;
				CLANG_ANALYZER_NUMBER_OBJECT_CONVERSION = YES_AGGRESSIVE;
				CLANG_CXX_LANGUAGE_STANDARD = "gnu++20";
				CLANG_ENABLE_MODULES = YES;
				CLANG_ENABLE_OBJC_ARC = YES;
				CLANG_ENABLE_OBJC_WEAK = YES;
				CLANG_WARN_BLOCK_CAPTURE_AUTORELEASING = YES;
				CLANG_WARN_BOOL_CONVERSION = YES;
				CLANG_WARN_COMMA = YES;
				CLANG_WARN_CONSTANT_CONVERSION = YES;
				CLANG_WARN_DEPRECATED_OBJC_IMPLEMENTATIONS = YES;
				CLANG_WARN_DIRECT_OBJC_ISA_USAGE = YES_ERROR;
				CLANG_WARN_DOCUMENTATION_COMMENTS = YES;
				CLANG_WARN_EMPTY_BODY = YES;
				CLANG_WARN_ENUM_CONVERSION = YES;
				CLANG_WARN_INFINITE_RECURSION = YES;
				CLANG_WARN_INT_CONVERSION = YES;
				CLANG_WARN_NON_LITERAL_NULL_CONVERSION = YES;
				CLANG_WARN_OBJC_IMPLICIT_RETAIN_SELF = YES;
				CLANG_WARN_OBJC_LITERAL_CONVERSION = YES;
				CLANG_WARN_OBJC_ROOT_CLASS = YES_ERROR;
				CLANG_WARN_QUOTED_INCLUDE_IN_FRAMEWORK_HEADER = YES;
				CLANG_WARN_RANGE_LOOP_ANALYSIS = YES;
				CLANG_WARN_STRICT_PROTOTYPES = YES;
				CLANG_WARN_SUSPICIOUS_MOVE = YES;
				CLANG_WARN_UNGUARDED_AVAILABILITY = YES_AGGRESSIVE;
				CLANG_WARN_UNREACHABLE_CODE = YES;
				CLANG_WARN__DUPLICATE_METHOD_MATCH = YES;
				COPY_PHASE_STRIP = NO;
				DEBUG_INFORMATION_FORMAT = dwarf;
				ENABLE_STRICT_OBJC_MSGSEND = YES;
				ENABLE_TESTABILITY = YES;
				ENABLE_USER_SCRIPT_SANDBOXING = YES;
				GCC_C_LANGUAGE_STANDARD = gnu17;
				GCC_DYNAMIC_NO_PIC = NO;
				GCC_NO_COMMON_BLOCKS = YES;
				GCC_OPTIMIZATION_LEVEL = 0;
				GCC_PREPROCESSOR_DEFINITIONS = (
					"DEBUG=1",
					"$(inherited)",
				);
				GCC_WARN_64_TO_32_BIT_CONVERSION = YES;
				GCC_WARN_ABOUT_RETURN_TYPE = YES_ERROR;
				GCC_WARN_UNDECLARED_SELECTOR = YES;
				GCC_WARN_UNINITIALIZED_AUTOS = YES_AGGRESSIVE;
				GCC_WARN_UNUSED_FUNCTION = YES;
				GCC_WARN_UNUSED_VARIABLE = YES;
				IPHONEOS_DEPLOYMENT_TARGET = 17.5;
				LOCALIZATION_PREFERS_STRING_CATALOGS = YES;
				MTL_ENABLE_DEBUG_INFO = INCLUDE_SOURCE;
				MTL_FAST_MATH = YES;
				ONLY_ACTIVE_ARCH = YES;
				SDKROOT = iphoneos;
				SWIFT_ACTIVE_COMPILATION_CONDITIONS = "DEBUG $(inherited)";
				SWIFT_OPTIMIZATION_LEVEL = "-Onone";
			};
			name = Debug;
		};
		8FB8CD782C2879C900C77C7F /* Release */ = {
			isa = XCBuildConfiguration;
			buildSettings = {
				ALWAYS_SEARCH_USER_PATHS = NO;
				ASSETCATALOG_COMPILER_GENERATE_SWIFT_ASSET_SYMBOL_EXTENSIONS = YES;
				CLANG_ANALYZER_NONNULL = YES;
				CLANG_ANALYZER_NUMBER_OBJECT_CONVERSION = YES_AGGRESSIVE;
				CLANG_CXX_LANGUAGE_STANDARD = "gnu++20";
				CLANG_ENABLE_MODULES = YES;
				CLANG_ENABLE_OBJC_ARC = YES;
				CLANG_ENABLE_OBJC_WEAK = YES;
				CLANG_WARN_BLOCK_CAPTURE_AUTORELEASING = YES;
				CLANG_WARN_BOOL_CONVERSION = YES;
				CLANG_WARN_COMMA = YES;
				CLANG_WARN_CONSTANT_CONVERSION = YES;
				CLANG_WARN_DEPRECATED_OBJC_IMPLEMENTATIONS = YES;
				CLANG_WARN_DIRECT_OBJC_ISA_USAGE = YES_ERROR;
				CLANG_WARN_DOCUMENTATION_COMMENTS = YES;
				CLANG_WARN_EMPTY_BODY = YES;
				CLANG_WARN_ENUM_CONVERSION = YES;
				CLANG_WARN_INFINITE_RECURSION = YES;
				CLANG_WARN_INT_CONVERSION = YES;
				CLANG_WARN_NON_LITERAL_NULL_CONVERSION = YES;
				CLANG_WARN_OBJC_IMPLICIT_RETAIN_SELF = YES;
				CLANG_WARN_OBJC_LITERAL_CONVERSION = YES;
				CLANG_WARN_OBJC_ROOT_CLASS = YES_ERROR;
				CLANG_WARN_QUOTED_INCLUDE_IN_FRAMEWORK_HEADER = YES;
				CLANG_WARN_RANGE_LOOP_ANALYSIS = YES;
				CLANG_WARN_STRICT_PROTOTYPES = YES;
				CLANG_WARN_SUSPICIOUS_MOVE = YES;
				CLANG_WARN_UNGUARDED_AVAILABILITY = YES_AGGRESSIVE;
				CLANG_WARN_UNREACHABLE_CODE = YES;
				CLANG_WARN__DUPLICATE_METHOD_MATCH = YES;
				COPY_PHASE_STRIP = NO;
				DEBUG_INFORMATION_FORMAT = "dwarf-with-dsym";
				ENABLE_NS_ASSERTIONS = NO;
				ENABLE_STRICT_OBJC_MSGSEND = YES;
				ENABLE_USER_SCRIPT_SANDBOXING = YES;
				GCC_C_LANGUAGE_STANDARD = gnu17;
				GCC_NO_COMMON_BLOCKS = YES;
				GCC_WARN_64_TO_32_BIT_CONVERSION = YES;
				GCC_WARN_ABOUT_RETURN_TYPE = YES_ERROR;
				GCC_WARN_UNDECLARED_SELECTOR = YES;
				GCC_WARN_UNINITIALIZED_AUTOS = YES_AGGRESSIVE;
				GCC_WARN_UNUSED_FUNCTION = YES;
				GCC_WARN_UNUSED_VARIABLE = YES;
				IPHONEOS_DEPLOYMENT_TARGET = 17.5;
				LOCALIZATION_PREFERS_STRING_CATALOGS = YES;
				MTL_ENABLE_DEBUG_INFO = NO;
				MTL_FAST_MATH = YES;
				SDKROOT = iphoneos;
				SWIFT_COMPILATION_MODE = wholemodule;
				VALIDATE_PRODUCT = YES;
			};
			name = Release;
		};
		8FB8CD7A2C2879C900C77C7F /* Debug */ = {
			isa = XCBuildConfiguration;
			buildSettings = {
				ASSETCATALOG_COMPILER_APPICON_NAME = AppIcon;
				ASSETCATALOG_COMPILER_GLOBAL_ACCENT_COLOR_NAME = AccentColor;
				CODE_SIGN_STYLE = Automatic;
				CURRENT_PROJECT_VERSION = 1;
				DEVELOPMENT_TEAM = 4D2YVVCBXR;
				GENERATE_INFOPLIST_FILE = YES;
				INFOPLIST_FILE = "Endless Animations/App/Info.plist";
				INFOPLIST_KEY_UIApplicationSupportsIndirectInputEvents = YES;
				INFOPLIST_KEY_UILaunchStoryboardName = LaunchScreen;
				INFOPLIST_KEY_UIMainStoryboardFile = Main;
				INFOPLIST_KEY_UISupportedInterfaceOrientations_iPad = "UIInterfaceOrientationPortrait UIInterfaceOrientationPortraitUpsideDown UIInterfaceOrientationLandscapeLeft UIInterfaceOrientationLandscapeRight";
				INFOPLIST_KEY_UISupportedInterfaceOrientations_iPhone = "UIInterfaceOrientationPortrait UIInterfaceOrientationLandscapeLeft UIInterfaceOrientationLandscapeRight";
				LD_RUNPATH_SEARCH_PATHS = (
					"$(inherited)",
					"@executable_path/Frameworks",
				);
				MARKETING_VERSION = 1.0;
				PRODUCT_BUNDLE_IDENTIFIER = "Evgeniy.Endless-Animations";
				PRODUCT_NAME = "$(TARGET_NAME)";
				SUPPORTED_PLATFORMS = "iphoneos iphonesimulator";
				SUPPORTS_MACCATALYST = NO;
				SUPPORTS_MAC_DESIGNED_FOR_IPHONE_IPAD = NO;
				SUPPORTS_XR_DESIGNED_FOR_IPHONE_IPAD = NO;
				SWIFT_EMIT_LOC_STRINGS = YES;
				SWIFT_VERSION = 5.0;
				TARGETED_DEVICE_FAMILY = 1;
			};
			name = Debug;
		};
		8FB8CD7B2C2879C900C77C7F /* Release */ = {
			isa = XCBuildConfiguration;
			buildSettings = {
				ASSETCATALOG_COMPILER_APPICON_NAME = AppIcon;
				ASSETCATALOG_COMPILER_GLOBAL_ACCENT_COLOR_NAME = AccentColor;
				CODE_SIGN_STYLE = Automatic;
				CURRENT_PROJECT_VERSION = 1;
				DEVELOPMENT_TEAM = 4D2YVVCBXR;
				GENERATE_INFOPLIST_FILE = YES;
				INFOPLIST_FILE = "Endless Animations/App/Info.plist";
				INFOPLIST_KEY_UIApplicationSupportsIndirectInputEvents = YES;
				INFOPLIST_KEY_UILaunchStoryboardName = LaunchScreen;
				INFOPLIST_KEY_UIMainStoryboardFile = Main;
				INFOPLIST_KEY_UISupportedInterfaceOrientations_iPad = "UIInterfaceOrientationPortrait UIInterfaceOrientationPortraitUpsideDown UIInterfaceOrientationLandscapeLeft UIInterfaceOrientationLandscapeRight";
				INFOPLIST_KEY_UISupportedInterfaceOrientations_iPhone = "UIInterfaceOrientationPortrait UIInterfaceOrientationLandscapeLeft UIInterfaceOrientationLandscapeRight";
				LD_RUNPATH_SEARCH_PATHS = (
					"$(inherited)",
					"@executable_path/Frameworks",
				);
				MARKETING_VERSION = 1.0;
				PRODUCT_BUNDLE_IDENTIFIER = "Evgeniy.Endless-Animations";
				PRODUCT_NAME = "$(TARGET_NAME)";
				SUPPORTED_PLATFORMS = "iphoneos iphonesimulator";
				SUPPORTS_MACCATALYST = NO;
				SUPPORTS_MAC_DESIGNED_FOR_IPHONE_IPAD = NO;
				SUPPORTS_XR_DESIGNED_FOR_IPHONE_IPAD = NO;
				SWIFT_EMIT_LOC_STRINGS = YES;
				SWIFT_VERSION = 5.0;
				TARGETED_DEVICE_FAMILY = 1;
			};
			name = Release;
		};
/* End XCBuildConfiguration section */

/* Begin XCConfigurationList section */
		8FB8CD602C2879C700C77C7F /* Build configuration list for PBXProject "Endless Animations" */ = {
			isa = XCConfigurationList;
			buildConfigurations = (
				8FB8CD772C2879C900C77C7F /* Debug */,
				8FB8CD782C2879C900C77C7F /* Release */,
			);
			defaultConfigurationIsVisible = 0;
			defaultConfigurationName = Release;
		};
		8FB8CD792C2879C900C77C7F /* Build configuration list for PBXNativeTarget "Endless Animations" */ = {
			isa = XCConfigurationList;
			buildConfigurations = (
				8FB8CD7A2C2879C900C77C7F /* Debug */,
				8FB8CD7B2C2879C900C77C7F /* Release */,
			);
			defaultConfigurationIsVisible = 0;
			defaultConfigurationName = Release;
		};
/* End XCConfigurationList section */

/* Begin XCRemoteSwiftPackageReference section */
		8FB8CD842C287E8100C77C7F /* XCRemoteSwiftPackageReference "SpringAnimation" */ = {
			isa = XCRemoteSwiftPackageReference;
			repositoryURL = "https://github.com/LexDeBash/SpringAnimation";
			requirement = {
				kind = upToNextMinorVersion;
				minimumVersion = 0.3.0;
			};
		};
/* End XCRemoteSwiftPackageReference section */

/* Begin XCSwiftPackageProductDependency section */
		8FB8CD852C287E8100C77C7F /* SpringAnimation */ = {
			isa = XCSwiftPackageProductDependency;
			package = 8FB8CD842C287E8100C77C7F /* XCRemoteSwiftPackageReference "SpringAnimation" */;
			productName = SpringAnimation;
		};
/* End XCSwiftPackageProductDependency section */
	};
	rootObject = 8FB8CD5D2C2879C700C77C7F /* Project object */;
}
